
Microsoft Visual Studio Solution File, Format Version 12.00
# Visual Studio Version 17
VisualStudioVersion = 17.0.31903.59
MinimumVisualStudioVersion = 10.0.40219.1
Project("{FAE04EC0-301F-11D3-BF4B-00C04F79EFBC}") = "TheHireFactory.ECommerce.Api", "TheHireFactory.ECommerce.Api\TheHireFactory.ECommerce.Api.csproj", "{15E9302F-F4AD-4182-BCFB-630DB5ADA1BA}"
EndProject
Project("{FAE04EC0-301F-11D3-BF4B-00C04F79EFBC}") = "TheHireFactory.ECommerce.Domain", "TheHireFactory.ECommerce.Domain\TheHireFactory.ECommerce.Domain.csproj", "{2963119C-F563-4E2C-B8CC-66F4ED7CFB98}"
EndProject
Project("{FAE04EC0-301F-11D3-BF4B-00C04F79EFBC}") = "TheHireFactory.ECommerce.Infrastructure", "TheHireFactory.ECommerce.Infrastructure\TheHireFactory.ECommerce.Infrastructure.csproj", "{E02BDA99-838C-421F-93F1-6B13D43CF715}"
EndProject
Project("{2150E333-8FDC-42A3-9474-1A3956D46DE8}") = "Tests", "Tests", "{6AE60F0C-95C7-4450-A904-B551AF5D0FDC}"
EndProject
Project("{FAE04EC0-301F-11D3-BF4B-00C04F79EFBC}") = "TheHireFactory.ECommerce.Tests.Unit", "Tests\TheHireFactory.ECommerce.Tests.Unit\TheHireFactory.ECommerce.Tests.Unit.csproj", "{9AD1ECBF-69CA-461D-847C-47B23C39CDD8}"
EndProject
Project("{FAE04EC0-301F-11D3-BF4B-00C04F79EFBC}") = "TheHireFactory.ECommerce.Tests.Integration", "Tests\TheHireFactory.ECommerce.Tests.Integration\TheHireFactory.ECommerce.Tests.Integration.csproj", "{8C8C4FAE-2CCA-4959-BF86-D68F99051C13}"
EndProject
Global
	GlobalSection(SolutionConfigurationPlatforms) = preSolution
		Debug|Any CPU = Debug|Any CPU
		Release|Any CPU = Release|Any CPU
	EndGlobalSection
	GlobalSection(SolutionProperties) = preSolution
		HideSolutionNode = FALSE
	EndGlobalSection
	GlobalSection(ProjectConfigurationPlatforms) = postSolution
		{15E9302F-F4AD-4182-BCFB-630DB5ADA1BA}.Debug|Any CPU.ActiveCfg = Debug|Any CPU
		{15E9302F-F4AD-4182-BCFB-630DB5ADA1BA}.Debug|Any CPU.Build.0 = Debug|Any CPU
		{15E9302F-F4AD-4182-BCFB-630DB5ADA1BA}.Release|Any CPU.ActiveCfg = Release|Any CPU
		{15E9302F-F4AD-4182-BCFB-630DB5ADA1BA}.Release|Any CPU.Build.0 = Release|Any CPU
		{2963119C-F563-4E2C-B8CC-66F4ED7CFB98}.Debug|Any CPU.ActiveCfg = Debug|Any CPU
		{2963119C-F563-4E2C-B8CC-66F4ED7CFB98}.Debug|Any CPU.Build.0 = Debug|Any CPU
		{2963119C-F563-4E2C-B8CC-66F4ED7CFB98}.Release|Any CPU.ActiveCfg = Release|Any CPU
		{2963119C-F563-4E2C-B8CC-66F4ED7CFB98}.Release|Any CPU.Build.0 = Release|Any CPU
		{E02BDA99-838C-421F-93F1-6B13D43CF715}.Debug|Any CPU.ActiveCfg = Debug|Any CPU
		{E02BDA99-838C-421F-93F1-6B13D43CF715}.Debug|Any CPU.Build.0 = Debug|Any CPU
		{E02BDA99-838C-421F-93F1-6B13D43CF715}.Release|Any CPU.ActiveCfg = Release|Any CPU
		{E02BDA99-838C-421F-93F1-6B13D43CF715}.Release|Any CPU.Build.0 = Release|Any CPU
		{9AD1ECBF-69CA-461D-847C-47B23C39CDD8}.Debug|Any CPU.ActiveCfg = Debug|Any CPU
		{9AD1ECBF-69CA-461D-847C-47B23C39CDD8}.Debug|Any CPU.Build.0 = Debug|Any CPU
		{9AD1ECBF-69CA-461D-847C-47B23C39CDD8}.Release|Any CPU.ActiveCfg = Release|Any CPU
		{9AD1ECBF-69CA-461D-847C-47B23C39CDD8}.Release|Any CPU.Build.0 = Release|Any CPU
		{8C8C4FAE-2CCA-4959-BF86-D68F99051C13}.Debug|Any CPU.ActiveCfg = Debug|Any CPU
		{8C8C4FAE-2CCA-4959-BF86-D68F99051C13}.Debug|Any CPU.Build.0 = Debug|Any CPU
		{8C8C4FAE-2CCA-4959-BF86-D68F99051C13}.Release|Any CPU.ActiveCfg = Release|Any CPU
		{8C8C4FAE-2CCA-4959-BF86-D68F99051C13}.Release|Any CPU.Build.0 = Release|Any CPU
	EndGlobalSection
	GlobalSection(NestedProjects) = preSolution
		{9AD1ECBF-69CA-461D-847C-47B23C39CDD8} = {6AE60F0C-95C7-4450-A904-B551AF5D0FDC}
		{8C8C4FAE-2CCA-4959-BF86-D68F99051C13} = {6AE60F0C-95C7-4450-A904-B551AF5D0FDC}
	EndGlobalSection
EndGlobal
